
Microsoft Visual Studio Solution File, Format Version 12.00
# Visual Studio 14
VisualStudioVersion = 14.0.23107.0
MinimumVisualStudioVersion = 10.0.40219.1
Project("{FAE04EC0-301F-11D3-BF4B-00C04F79EFBC}") = "Common", "Common\Common.csproj", "{7D862E24-CB5B-4D85-9A10-B645EFF78EFF}"
EndProject
Project("{FAE04EC0-301F-11D3-BF4B-00C04F79EFBC}") = "SocketsLib", "Sockets\SocketsLib.csproj", "{802E491B-1933-48AD-B3F9-555074FB2792}"
EndProject
Project("{FAE04EC0-301F-11D3-BF4B-00C04F79EFBC}") = "Encryption", "Encryption\Encryption.csproj", "{2EF70866-2AE3-444C-A7B6-BA87453CEE3D}"
EndProject
Project("{FAE04EC0-301F-11D3-BF4B-00C04F79EFBC}") = "ClientLib", "ClientLib\ClientLib.csproj", "{6BA31E7C-24F7-4A7C-8233-E91CBE7E180D}"
EndProject
Project("{FAE04EC0-301F-11D3-BF4B-00C04F79EFBC}") = "ClientLib_Lobby", "ClientLib_Lobby\ClientLib_Lobby.csproj", "{0473FDC8-0C01-4B35-8305-4DBFB01B9BE6}"
EndProject
Project("{FAE04EC0-301F-11D3-BF4B-00C04F79EFBC}") = "LobbyLib", "LobbyLib\LobbyLib.csproj", "{1D5DF12A-4E27-43B5-8FE3-C343EF5B2F23}"
EndProject
Project("{FAE04EC0-301F-11D3-BF4B-00C04F79EFBC}") = "ClientLib_Lobby_TB", "ClientLib_Lobby_TB\ClientLib_Lobby_TB.csproj", "{5F05E9DC-03F0-4A4C-8518-A8166A88CBC5}"
EndProject
Project("{FAE04EC0-301F-11D3-BF4B-00C04F79EFBC}") = "TurnedLobbyLib", "TurnedLobbyLib\TurnedLobbyLib.csproj", "{CC45CE45-98AF-44FC-B98D-2A342C5CE57E}"
EndProject
Project("{FAE04EC0-301F-11D3-BF4B-00C04F79EFBC}") = "ServerLib", "ServerLib\ServerLib.csproj", "{4D5B3CFA-293F-483C-AA30-F85B613A2D82}"
EndProject
Project("{FAE04EC0-301F-11D3-BF4B-00C04F79EFBC}") = "CentralServer_Lobby", "CentralServer_Lobby\CentralServer_Lobby.csproj", "{34E158EA-EFA6-4C0F-A876-1C09BA8D40BD}"
EndProject
Project("{FAE04EC0-301F-11D3-BF4B-00C04F79EFBC}") = "DM_Addon_Server_TrueSkillRating", "DM_Addon_Server_TrueSkillRating\DM_Addon_Server_TrueSkillRating.csproj", "{9FE43737-887D-4F32-A17A-4484AA8136DC}"
EndProject
Project("{FAE04EC0-301F-11D3-BF4B-00C04F79EFBC}") = "Skills", "Skills\Skills.csproj", "{15AD1345-984C-48ED-AF9A-2EAB44E5AA2B}"
EndProject
Project("{FAE04EC0-301F-11D3-BF4B-00C04F79EFBC}") = "GameServer_Lobby", "GameServer_Lobby\GameServer_Lobby.csproj", "{AC44EA27-0DF0-4265-AF12-E495B6FB8799}"
EndProject
Project("{FAE04EC0-301F-11D3-BF4B-00C04F79EFBC}") = "GameServer_Lobby_TB", "GameServer_Lobby_TB\GameServer_Lobby_TB.csproj", "{2E87E328-4E1C-4ED6-9345-ACFBA1EACC73}"
EndProject
Project("{FAE04EC0-301F-11D3-BF4B-00C04F79EFBC}") = "DM_Addon_Server_CharacterInventory", "DM_Addon_CharacterInventory\DM_Addon_Server_CharacterInventory.csproj", "{E15DBC29-CEDA-4E8A-B45D-7C26727A4246}"
EndProject
Project("{FAE04EC0-301F-11D3-BF4B-00C04F79EFBC}") = "LobbyBeholder", "LobbyBeholder\LobbyBeholder.csproj", "{04FC7F48-3B0C-42FC-A97A-2FF248157E5E}"
EndProject
Project("{FAE04EC0-301F-11D3-BF4B-00C04F79EFBC}") = "LoginServer", "LoginServer\LoginServer.csproj", "{BDE60DF5-1887-49A7-8B02-34A81F9253C5}"
EndProject
Project("{FAE04EC0-301F-11D3-BF4B-00C04F79EFBC}") = "PatcherLib", "PatcherLib\PatcherLib.csproj", "{AEA57F3B-534C-4CDD-818D-2B91CA5C5ADC}"
EndProject
Project("{FAE04EC0-301F-11D3-BF4B-00C04F79EFBC}") = "PatchGen", "PatchGen\PatchGen.csproj", "{D54B9FC5-B996-4695-9472-0E08C89CF34F}"
EndProject
Project("{FAE04EC0-301F-11D3-BF4B-00C04F79EFBC}") = "PatchGenGUI", "PatchGenGUI\PatchGenGUI.csproj", "{15F26C26-FB23-40C6-BDCF-AAC43E1BBCAB}"
EndProject
Project("{FAE04EC0-301F-11D3-BF4B-00C04F79EFBC}") = "PatchServer", "PatchServer\PatchServer.csproj", "{24946F19-839D-456E-B08B-886FCBBF0D33}"
EndProject
Project("{FAE04EC0-301F-11D3-BF4B-00C04F79EFBC}") = "Zeus", "Zeus\Zeus.csproj", "{AF8C72F3-F409-46E8-9FDE-8C5CB193A823}"
EndProject
Project("{FAE04EC0-301F-11D3-BF4B-00C04F79EFBC}") = "ZeusAccountService", "ZeusAccountService\ZeusAccountService.csproj", "{221ED056-45D8-4CEB-ACD9-33BF72D04EDE}"
EndProject
Project("{FAE04EC0-301F-11D3-BF4B-00C04F79EFBC}") = "DMLPatcher", "DMLPatcher\DMLPatcher.csproj", "{397F7688-2EE2-4D95-9E8F-BD8697EFF7D0}"
EndProject
Project("{2150E333-8FDC-42A3-9474-1A3956D46DE8}") = "Solution Items", "Solution Items", "{666673D6-E2B1-4737-A845-8F791444F68D}"
	ProjectSection(SolutionItems) = preProject
		_LIB_\Enyim.Caching.dll = _LIB_\Enyim.Caching.dll
		_LIB_\Enyim.Caching.xml = _LIB_\Enyim.Caching.xml
		_LIB_\ICSharpCode.SharpZipLib.dll = _LIB_\ICSharpCode.SharpZipLib.dll
		Skills\License.txt = Skills\License.txt
		License_Commercial.txt = License_Commercial.txt
		LICENSE_GPL.html = LICENSE_GPL.html
		_LIB_\log4net.dll = _LIB_\log4net.dll
		_LIB_\log4net.xml = _LIB_\log4net.xml
		_LIB_\Membase.dll = _LIB_\Membase.dll
		_LIB_\Membase.xml = _LIB_\Membase.xml
	EndProjectSection
EndProject
Project("{2150E333-8FDC-42A3-9474-1A3956D46DE8}") = "Database", "Database", "{BD050EE3-3256-43DB-B033-01616619F9D9}"
	ProjectSection(SolutionItems) = preProject
		Database\WISP_Game.sql = Database\WISP_Game.sql
		Database\WISP_Session.sql = Database\WISP_Session.sql
		Database\WISP_WispUsers.sql = Database\WISP_WispUsers.sql
	EndProjectSection
EndProject
Project("{2150E333-8FDC-42A3-9474-1A3956D46DE8}") = "License", "License", "{44544A86-06B8-4821-A04F-91AE70B57514}"
	ProjectSection(SolutionItems) = preProject
		License_Commercial.txt = License_Commercial.txt
		LICENSE_GPL.html = LICENSE_GPL.html
	EndProjectSection
EndProject
Global
	GlobalSection(SolutionConfigurationPlatforms) = preSolution
		Debug|Any CPU = Debug|Any CPU
		Debug|Mixed Platforms = Debug|Mixed Platforms
		Debug|x64 = Debug|x64
		Debug|x86 = Debug|x86
		Debugx86|Any CPU = Debugx86|Any CPU
		Debugx86|Mixed Platforms = Debugx86|Mixed Platforms
		Debugx86|x64 = Debugx86|x64
		Debugx86|x86 = Debugx86|x86
		Release|Any CPU = Release|Any CPU
		Release|Mixed Platforms = Release|Mixed Platforms
		Release|x64 = Release|x64
		Release|x86 = Release|x86
	EndGlobalSection
	GlobalSection(ProjectConfigurationPlatforms) = postSolution
		{7D862E24-CB5B-4D85-9A10-B645EFF78EFF}.Debug|Any CPU.ActiveCfg = Debug|Any CPU
		{7D862E24-CB5B-4D85-9A10-B645EFF78EFF}.Debug|Any CPU.Build.0 = Debug|Any CPU
		{7D862E24-CB5B-4D85-9A10-B645EFF78EFF}.Debug|Mixed Platforms.ActiveCfg = Debug|Any CPU
		{7D862E24-CB5B-4D85-9A10-B645EFF78EFF}.Debug|Mixed Platforms.Build.0 = Debug|Any CPU
		{7D862E24-CB5B-4D85-9A10-B645EFF78EFF}.Debug|x64.ActiveCfg = Debug|Any CPU
		{7D862E24-CB5B-4D85-9A10-B645EFF78EFF}.Debug|x86.ActiveCfg = Debug|Any CPU
		{7D862E24-CB5B-4D85-9A10-B645EFF78EFF}.Debugx86|Any CPU.ActiveCfg = Debug|Any CPU
		{7D862E24-CB5B-4D85-9A10-B645EFF78EFF}.Debugx86|Any CPU.Build.0 = Debug|Any CPU
		{7D862E24-CB5B-4D85-9A10-B645EFF78EFF}.Debugx86|Mixed Platforms.ActiveCfg = Debug|Any CPU
		{7D862E24-CB5B-4D85-9A10-B645EFF78EFF}.Debugx86|Mixed Platforms.Build.0 = Debug|Any CPU
		{7D862E24-CB5B-4D85-9A10-B645EFF78EFF}.Debugx86|x64.ActiveCfg = Debug|Any CPU
		{7D862E24-CB5B-4D85-9A10-B645EFF78EFF}.Debugx86|x86.ActiveCfg = Debug|Any CPU
		{7D862E24-CB5B-4D85-9A10-B645EFF78EFF}.Release|Any CPU.ActiveCfg = Release|Any CPU
		{7D862E24-CB5B-4D85-9A10-B645EFF78EFF}.Release|Any CPU.Build.0 = Release|Any CPU
		{7D862E24-CB5B-4D85-9A10-B645EFF78EFF}.Release|Mixed Platforms.ActiveCfg = Release|Any CPU
		{7D862E24-CB5B-4D85-9A10-B645EFF78EFF}.Release|Mixed Platforms.Build.0 = Release|Any CPU
		{7D862E24-CB5B-4D85-9A10-B645EFF78EFF}.Release|x64.ActiveCfg = Release|Any CPU
		{7D862E24-CB5B-4D85-9A10-B645EFF78EFF}.Release|x86.ActiveCfg = Release|Any CPU
		{802E491B-1933-48AD-B3F9-555074FB2792}.Debug|Any CPU.ActiveCfg = Debug|Any CPU
		{802E491B-1933-48AD-B3F9-555074FB2792}.Debug|Any CPU.Build.0 = Debug|Any CPU
		{802E491B-1933-48AD-B3F9-555074FB2792}.Debug|Mixed Platforms.ActiveCfg = Debug|Any CPU
		{802E491B-1933-48AD-B3F9-555074FB2792}.Debug|Mixed Platforms.Build.0 = Debug|Any CPU
		{802E491B-1933-48AD-B3F9-555074FB2792}.Debug|x64.ActiveCfg = Debug|Any CPU
		{802E491B-1933-48AD-B3F9-555074FB2792}.Debug|x86.ActiveCfg = Debug|Any CPU
		{802E491B-1933-48AD-B3F9-555074FB2792}.Debugx86|Any CPU.ActiveCfg = Debug|Any CPU
		{802E491B-1933-48AD-B3F9-555074FB2792}.Debugx86|Any CPU.Build.0 = Debug|Any CPU
		{802E491B-1933-48AD-B3F9-555074FB2792}.Debugx86|Mixed Platforms.ActiveCfg = Debug|Any CPU
		{802E491B-1933-48AD-B3F9-555074FB2792}.Debugx86|Mixed Platforms.Build.0 = Debug|Any CPU
		{802E491B-1933-48AD-B3F9-555074FB2792}.Debugx86|x64.ActiveCfg = Debug|Any CPU
		{802E491B-1933-48AD-B3F9-555074FB2792}.Debugx86|x86.ActiveCfg = Debug|Any CPU
		{802E491B-1933-48AD-B3F9-555074FB2792}.Release|Any CPU.ActiveCfg = Release|Any CPU
		{802E491B-1933-48AD-B3F9-555074FB2792}.Release|Any CPU.Build.0 = Release|Any CPU
		{802E491B-1933-48AD-B3F9-555074FB2792}.Release|Mixed Platforms.ActiveCfg = Release|Any CPU
		{802E491B-1933-48AD-B3F9-555074FB2792}.Release|Mixed Platforms.Build.0 = Release|Any CPU
		{802E491B-1933-48AD-B3F9-555074FB2792}.Release|x64.ActiveCfg = Release|Any CPU
		{802E491B-1933-48AD-B3F9-555074FB2792}.Release|x86.ActiveCfg = Release|Any CPU
		{2EF70866-2AE3-444C-A7B6-BA87453CEE3D}.Debug|Any CPU.ActiveCfg = Debug|Any CPU
		{2EF70866-2AE3-444C-A7B6-BA87453CEE3D}.Debug|Any CPU.Build.0 = Debug|Any CPU
		{2EF70866-2AE3-444C-A7B6-BA87453CEE3D}.Debug|Mixed Platforms.ActiveCfg = Debug|Any CPU
		{2EF70866-2AE3-444C-A7B6-BA87453CEE3D}.Debug|Mixed Platforms.Build.0 = Debug|Any CPU
		{2EF70866-2AE3-444C-A7B6-BA87453CEE3D}.Debug|x64.ActiveCfg = Debug|Any CPU
		{2EF70866-2AE3-444C-A7B6-BA87453CEE3D}.Debug|x86.ActiveCfg = Debug|Any CPU
		{2EF70866-2AE3-444C-A7B6-BA87453CEE3D}.Debugx86|Any CPU.ActiveCfg = Debug|Any CPU
		{2EF70866-2AE3-444C-A7B6-BA87453CEE3D}.Debugx86|Any CPU.Build.0 = Debug|Any CPU
		{2EF70866-2AE3-444C-A7B6-BA87453CEE3D}.Debugx86|Mixed Platforms.ActiveCfg = Debug|Any CPU
		{2EF70866-2AE3-444C-A7B6-BA87453CEE3D}.Debugx86|Mixed Platforms.Build.0 = Debug|Any CPU
		{2EF70866-2AE3-444C-A7B6-BA87453CEE3D}.Debugx86|x64.ActiveCfg = Debug|Any CPU
		{2EF70866-2AE3-444C-A7B6-BA87453CEE3D}.Debugx86|x86.ActiveCfg = Debug|Any CPU
		{2EF70866-2AE3-444C-A7B6-BA87453CEE3D}.Release|Any CPU.ActiveCfg = Release|Any CPU
		{2EF70866-2AE3-444C-A7B6-BA87453CEE3D}.Release|Any CPU.Build.0 = Release|Any CPU
		{2EF70866-2AE3-444C-A7B6-BA87453CEE3D}.Release|Mixed Platforms.ActiveCfg = Release|Any CPU
		{2EF70866-2AE3-444C-A7B6-BA87453CEE3D}.Release|Mixed Platforms.Build.0 = Release|Any CPU
		{2EF70866-2AE3-444C-A7B6-BA87453CEE3D}.Release|x64.ActiveCfg = Release|Any CPU
		{2EF70866-2AE3-444C-A7B6-BA87453CEE3D}.Release|x86.ActiveCfg = Release|Any CPU
		{6BA31E7C-24F7-4A7C-8233-E91CBE7E180D}.Debug|Any CPU.ActiveCfg = Debug|Any CPU
		{6BA31E7C-24F7-4A7C-8233-E91CBE7E180D}.Debug|Any CPU.Build.0 = Debug|Any CPU
		{6BA31E7C-24F7-4A7C-8233-E91CBE7E180D}.Debug|Mixed Platforms.ActiveCfg = Debug|Any CPU
		{6BA31E7C-24F7-4A7C-8233-E91CBE7E180D}.Debug|Mixed Platforms.Build.0 = Debug|Any CPU
		{6BA31E7C-24F7-4A7C-8233-E91CBE7E180D}.Debug|x64.ActiveCfg = Debug|Any CPU
		{6BA31E7C-24F7-4A7C-8233-E91CBE7E180D}.Debug|x86.ActiveCfg = Debug|Any CPU
		{6BA31E7C-24F7-4A7C-8233-E91CBE7E180D}.Debugx86|Any CPU.ActiveCfg = Debug|Any CPU
		{6BA31E7C-24F7-4A7C-8233-E91CBE7E180D}.Debugx86|Any CPU.Build.0 = Debug|Any CPU
		{6BA31E7C-24F7-4A7C-8233-E91CBE7E180D}.Debugx86|Mixed Platforms.ActiveCfg = Debug|Any CPU
		{6BA31E7C-24F7-4A7C-8233-E91CBE7E180D}.Debugx86|Mixed Platforms.Build.0 = Debug|Any CPU
		{6BA31E7C-24F7-4A7C-8233-E91CBE7E180D}.Debugx86|x64.ActiveCfg = Debug|Any CPU
		{6BA31E7C-24F7-4A7C-8233-E91CBE7E180D}.Debugx86|x86.ActiveCfg = Debug|Any CPU
		{6BA31E7C-24F7-4A7C-8233-E91CBE7E180D}.Release|Any CPU.ActiveCfg = Release|Any CPU
		{6BA31E7C-24F7-4A7C-8233-E91CBE7E180D}.Release|Any CPU.Build.0 = Release|Any CPU
		{6BA31E7C-24F7-4A7C-8233-E91CBE7E180D}.Release|Mixed Platforms.ActiveCfg = Release|Any CPU
		{6BA31E7C-24F7-4A7C-8233-E91CBE7E180D}.Release|Mixed Platforms.Build.0 = Release|Any CPU
		{6BA31E7C-24F7-4A7C-8233-E91CBE7E180D}.Release|x64.ActiveCfg = Release|Any CPU
		{6BA31E7C-24F7-4A7C-8233-E91CBE7E180D}.Release|x86.ActiveCfg = Release|Any CPU
		{0473FDC8-0C01-4B35-8305-4DBFB01B9BE6}.Debug|Any CPU.ActiveCfg = Debug|Any CPU
		{0473FDC8-0C01-4B35-8305-4DBFB01B9BE6}.Debug|Any CPU.Build.0 = Debug|Any CPU
		{0473FDC8-0C01-4B35-8305-4DBFB01B9BE6}.Debug|Mixed Platforms.ActiveCfg = Debug|Any CPU
		{0473FDC8-0C01-4B35-8305-4DBFB01B9BE6}.Debug|Mixed Platforms.Build.0 = Debug|Any CPU
		{0473FDC8-0C01-4B35-8305-4DBFB01B9BE6}.Debug|x64.ActiveCfg = Debug|Any CPU
		{0473FDC8-0C01-4B35-8305-4DBFB01B9BE6}.Debug|x86.ActiveCfg = Debug|Any CPU
		{0473FDC8-0C01-4B35-8305-4DBFB01B9BE6}.Debugx86|Any CPU.ActiveCfg = Debug|Any CPU
		{0473FDC8-0C01-4B35-8305-4DBFB01B9BE6}.Debugx86|Any CPU.Build.0 = Debug|Any CPU
		{0473FDC8-0C01-4B35-8305-4DBFB01B9BE6}.Debugx86|Mixed Platforms.ActiveCfg = Debug|Any CPU
		{0473FDC8-0C01-4B35-8305-4DBFB01B9BE6}.Debugx86|Mixed Platforms.Build.0 = Debug|Any CPU
		{0473FDC8-0C01-4B35-8305-4DBFB01B9BE6}.Debugx86|x64.ActiveCfg = Debug|Any CPU
		{0473FDC8-0C01-4B35-8305-4DBFB01B9BE6}.Debugx86|x86.ActiveCfg = Debug|Any CPU
		{0473FDC8-0C01-4B35-8305-4DBFB01B9BE6}.Release|Any CPU.ActiveCfg = Release|Any CPU
		{0473FDC8-0C01-4B35-8305-4DBFB01B9BE6}.Release|Any CPU.Build.0 = Release|Any CPU
		{0473FDC8-0C01-4B35-8305-4DBFB01B9BE6}.Release|Mixed Platforms.ActiveCfg = Release|Any CPU
		{0473FDC8-0C01-4B35-8305-4DBFB01B9BE6}.Release|Mixed Platforms.Build.0 = Release|Any CPU
		{0473FDC8-0C01-4B35-8305-4DBFB01B9BE6}.Release|x64.ActiveCfg = Release|Any CPU
		{0473FDC8-0C01-4B35-8305-4DBFB01B9BE6}.Release|x86.ActiveCfg = Release|Any CPU
		{1D5DF12A-4E27-43B5-8FE3-C343EF5B2F23}.Debug|Any CPU.ActiveCfg = Debug|Any CPU
		{1D5DF12A-4E27-43B5-8FE3-C343EF5B2F23}.Debug|Any CPU.Build.0 = Debug|Any CPU
		{1D5DF12A-4E27-43B5-8FE3-C343EF5B2F23}.Debug|Mixed Platforms.ActiveCfg = Debug|Any CPU
		{1D5DF12A-4E27-43B5-8FE3-C343EF5B2F23}.Debug|Mixed Platforms.Build.0 = Debug|Any CPU
		{1D5DF12A-4E27-43B5-8FE3-C343EF5B2F23}.Debug|x64.ActiveCfg = Debug|x64
		{1D5DF12A-4E27-43B5-8FE3-C343EF5B2F23}.Debug|x64.Build.0 = Debug|x64
		{1D5DF12A-4E27-43B5-8FE3-C343EF5B2F23}.Debug|x86.ActiveCfg = Debug|Any CPU
		{1D5DF12A-4E27-43B5-8FE3-C343EF5B2F23}.Debugx86|Any CPU.ActiveCfg = Debug|Any CPU
		{1D5DF12A-4E27-43B5-8FE3-C343EF5B2F23}.Debugx86|Any CPU.Build.0 = Debug|Any CPU
		{1D5DF12A-4E27-43B5-8FE3-C343EF5B2F23}.Debugx86|Mixed Platforms.ActiveCfg = Debug|Any CPU
		{1D5DF12A-4E27-43B5-8FE3-C343EF5B2F23}.Debugx86|Mixed Platforms.Build.0 = Debug|Any CPU
		{1D5DF12A-4E27-43B5-8FE3-C343EF5B2F23}.Debugx86|x64.ActiveCfg = Debug|x64
		{1D5DF12A-4E27-43B5-8FE3-C343EF5B2F23}.Debugx86|x64.Build.0 = Debug|x64
		{1D5DF12A-4E27-43B5-8FE3-C343EF5B2F23}.Debugx86|x86.ActiveCfg = Debug|Any CPU
		{1D5DF12A-4E27-43B5-8FE3-C343EF5B2F23}.Release|Any CPU.ActiveCfg = Release|Any CPU
		{1D5DF12A-4E27-43B5-8FE3-C343EF5B2F23}.Release|Any CPU.Build.0 = Release|Any CPU
		{1D5DF12A-4E27-43B5-8FE3-C343EF5B2F23}.Release|Mixed Platforms.ActiveCfg = Release|Any CPU
		{1D5DF12A-4E27-43B5-8FE3-C343EF5B2F23}.Release|Mixed Platforms.Build.0 = Release|Any CPU
		{1D5DF12A-4E27-43B5-8FE3-C343EF5B2F23}.Release|x64.ActiveCfg = Release|x64
		{1D5DF12A-4E27-43B5-8FE3-C343EF5B2F23}.Release|x64.Build.0 = Release|x64
		{1D5DF12A-4E27-43B5-8FE3-C343EF5B2F23}.Release|x86.ActiveCfg = Release|Any CPU
		{5F05E9DC-03F0-4A4C-8518-A8166A88CBC5}.Debug|Any CPU.ActiveCfg = Debug|Any CPU
		{5F05E9DC-03F0-4A4C-8518-A8166A88CBC5}.Debug|Any CPU.Build.0 = Debug|Any CPU
		{5F05E9DC-03F0-4A4C-8518-A8166A88CBC5}.Debug|Mixed Platforms.ActiveCfg = Debug|Any CPU
		{5F05E9DC-03F0-4A4C-8518-A8166A88CBC5}.Debug|Mixed Platforms.Build.0 = Debug|Any CPU
		{5F05E9DC-03F0-4A4C-8518-A8166A88CBC5}.Debug|x64.ActiveCfg = Debug|Any CPU
		{5F05E9DC-03F0-4A4C-8518-A8166A88CBC5}.Debug|x86.ActiveCfg = Debug|Any CPU
		{5F05E9DC-03F0-4A4C-8518-A8166A88CBC5}.Debugx86|Any CPU.ActiveCfg = Debug|Any CPU
		{5F05E9DC-03F0-4A4C-8518-A8166A88CBC5}.Debugx86|Any CPU.Build.0 = Debug|Any CPU
		{5F05E9DC-03F0-4A4C-8518-A8166A88CBC5}.Debugx86|Mixed Platforms.ActiveCfg = Debug|Any CPU
		{5F05E9DC-03F0-4A4C-8518-A8166A88CBC5}.Debugx86|Mixed Platforms.Build.0 = Debug|Any CPU
		{5F05E9DC-03F0-4A4C-8518-A8166A88CBC5}.Debugx86|x64.ActiveCfg = Debug|Any CPU
		{5F05E9DC-03F0-4A4C-8518-A8166A88CBC5}.Debugx86|x86.ActiveCfg = Debug|Any CPU
		{5F05E9DC-03F0-4A4C-8518-A8166A88CBC5}.Release|Any CPU.ActiveCfg = Release|Any CPU
		{5F05E9DC-03F0-4A4C-8518-A8166A88CBC5}.Release|Any CPU.Build.0 = Release|Any CPU
		{5F05E9DC-03F0-4A4C-8518-A8166A88CBC5}.Release|Mixed Platforms.ActiveCfg = Release|Any CPU
		{5F05E9DC-03F0-4A4C-8518-A8166A88CBC5}.Release|Mixed Platforms.Build.0 = Release|Any CPU
		{5F05E9DC-03F0-4A4C-8518-A8166A88CBC5}.Release|x64.ActiveCfg = Release|Any CPU
		{5F05E9DC-03F0-4A4C-8518-A8166A88CBC5}.Release|x86.ActiveCfg = Release|Any CPU
		{CC45CE45-98AF-44FC-B98D-2A342C5CE57E}.Debug|Any CPU.ActiveCfg = Debug|Any CPU
		{CC45CE45-98AF-44FC-B98D-2A342C5CE57E}.Debug|Any CPU.Build.0 = Debug|Any CPU
		{CC45CE45-98AF-44FC-B98D-2A342C5CE57E}.Debug|Mixed Platforms.ActiveCfg = Debug|Any CPU
		{CC45CE45-98AF-44FC-B98D-2A342C5CE57E}.Debug|Mixed Platforms.Build.0 = Debug|Any CPU
		{CC45CE45-98AF-44FC-B98D-2A342C5CE57E}.Debug|x64.ActiveCfg = Debug|Any CPU
		{CC45CE45-98AF-44FC-B98D-2A342C5CE57E}.Debug|x86.ActiveCfg = Debug|Any CPU
		{CC45CE45-98AF-44FC-B98D-2A342C5CE57E}.Debugx86|Any CPU.ActiveCfg = Debug|Any CPU
		{CC45CE45-98AF-44FC-B98D-2A342C5CE57E}.Debugx86|Any CPU.Build.0 = Debug|Any CPU
		{CC45CE45-98AF-44FC-B98D-2A342C5CE57E}.Debugx86|Mixed Platforms.ActiveCfg = Debug|Any CPU
		{CC45CE45-98AF-44FC-B98D-2A342C5CE57E}.Debugx86|Mixed Platforms.Build.0 = Debug|Any CPU
		{CC45CE45-98AF-44FC-B98D-2A342C5CE57E}.Debugx86|x64.ActiveCfg = Debug|Any CPU
		{CC45CE45-98AF-44FC-B98D-2A342C5CE57E}.Debugx86|x86.ActiveCfg = Debug|Any CPU
		{CC45CE45-98AF-44FC-B98D-2A342C5CE57E}.Release|Any CPU.ActiveCfg = Release|Any CPU
		{CC45CE45-98AF-44FC-B98D-2A342C5CE57E}.Release|Any CPU.Build.0 = Release|Any CPU
		{CC45CE45-98AF-44FC-B98D-2A342C5CE57E}.Release|Mixed Platforms.ActiveCfg = Release|Any CPU
		{CC45CE45-98AF-44FC-B98D-2A342C5CE57E}.Release|Mixed Platforms.Build.0 = Release|Any CPU
		{CC45CE45-98AF-44FC-B98D-2A342C5CE57E}.Release|x64.ActiveCfg = Release|Any CPU
		{CC45CE45-98AF-44FC-B98D-2A342C5CE57E}.Release|x86.ActiveCfg = Release|Any CPU
		{4D5B3CFA-293F-483C-AA30-F85B613A2D82}.Debug|Any CPU.ActiveCfg = Debug|Any CPU
		{4D5B3CFA-293F-483C-AA30-F85B613A2D82}.Debug|Any CPU.Build.0 = Debug|Any CPU
		{4D5B3CFA-293F-483C-AA30-F85B613A2D82}.Debug|Mixed Platforms.ActiveCfg = Debug|Any CPU
		{4D5B3CFA-293F-483C-AA30-F85B613A2D82}.Debug|Mixed Platforms.Build.0 = Debug|Any CPU
		{4D5B3CFA-293F-483C-AA30-F85B613A2D82}.Debug|x64.ActiveCfg = Debug|x64
		{4D5B3CFA-293F-483C-AA30-F85B613A2D82}.Debug|x64.Build.0 = Debug|x64
		{4D5B3CFA-293F-483C-AA30-F85B613A2D82}.Debug|x86.ActiveCfg = Debug|Any CPU
		{4D5B3CFA-293F-483C-AA30-F85B613A2D82}.Debugx86|Any CPU.ActiveCfg = Debug|Any CPU
		{4D5B3CFA-293F-483C-AA30-F85B613A2D82}.Debugx86|Any CPU.Build.0 = Debug|Any CPU
		{4D5B3CFA-293F-483C-AA30-F85B613A2D82}.Debugx86|Mixed Platforms.ActiveCfg = Debug|Any CPU
		{4D5B3CFA-293F-483C-AA30-F85B613A2D82}.Debugx86|Mixed Platforms.Build.0 = Debug|Any CPU
		{4D5B3CFA-293F-483C-AA30-F85B613A2D82}.Debugx86|x64.ActiveCfg = Debug|x64
		{4D5B3CFA-293F-483C-AA30-F85B613A2D82}.Debugx86|x64.Build.0 = Debug|x64
		{4D5B3CFA-293F-483C-AA30-F85B613A2D82}.Debugx86|x86.ActiveCfg = Debug|Any CPU
		{4D5B3CFA-293F-483C-AA30-F85B613A2D82}.Release|Any CPU.ActiveCfg = Release|Any CPU
		{4D5B3CFA-293F-483C-AA30-F85B613A2D82}.Release|Any CPU.Build.0 = Release|Any CPU
		{4D5B3CFA-293F-483C-AA30-F85B613A2D82}.Release|Mixed Platforms.ActiveCfg = Release|Any CPU
		{4D5B3CFA-293F-483C-AA30-F85B613A2D82}.Release|Mixed Platforms.Build.0 = Release|Any CPU
		{4D5B3CFA-293F-483C-AA30-F85B613A2D82}.Release|x64.ActiveCfg = Release|x64
		{4D5B3CFA-293F-483C-AA30-F85B613A2D82}.Release|x64.Build.0 = Release|x64
		{4D5B3CFA-293F-483C-AA30-F85B613A2D82}.Release|x86.ActiveCfg = Release|Any CPU
		{34E158EA-EFA6-4C0F-A876-1C09BA8D40BD}.Debug|Any CPU.ActiveCfg = Debug|Any CPU
		{34E158EA-EFA6-4C0F-A876-1C09BA8D40BD}.Debug|Any CPU.Build.0 = Debug|Any CPU
		{34E158EA-EFA6-4C0F-A876-1C09BA8D40BD}.Debug|Mixed Platforms.ActiveCfg = Debug|Any CPU
		{34E158EA-EFA6-4C0F-A876-1C09BA8D40BD}.Debug|Mixed Platforms.Build.0 = Debug|Any CPU
		{34E158EA-EFA6-4C0F-A876-1C09BA8D40BD}.Debug|x64.ActiveCfg = Debug|x64
		{34E158EA-EFA6-4C0F-A876-1C09BA8D40BD}.Debug|x64.Build.0 = Debug|x64
		{34E158EA-EFA6-4C0F-A876-1C09BA8D40BD}.Debug|x86.ActiveCfg = Debug|x86
		{34E158EA-EFA6-4C0F-A876-1C09BA8D40BD}.Debug|x86.Build.0 = Debug|x86
		{34E158EA-EFA6-4C0F-A876-1C09BA8D40BD}.Debugx86|Any CPU.ActiveCfg = Debug|Any CPU
		{34E158EA-EFA6-4C0F-A876-1C09BA8D40BD}.Debugx86|Any CPU.Build.0 = Debug|Any CPU
		{34E158EA-EFA6-4C0F-A876-1C09BA8D40BD}.Debugx86|Mixed Platforms.ActiveCfg = Debug|x86
		{34E158EA-EFA6-4C0F-A876-1C09BA8D40BD}.Debugx86|Mixed Platforms.Build.0 = Debug|x86
		{34E158EA-EFA6-4C0F-A876-1C09BA8D40BD}.Debugx86|x64.ActiveCfg = Debug|x64
		{34E158EA-EFA6-4C0F-A876-1C09BA8D40BD}.Debugx86|x64.Build.0 = Debug|x64
		{34E158EA-EFA6-4C0F-A876-1C09BA8D40BD}.Debugx86|x86.ActiveCfg = Debug|x86
		{34E158EA-EFA6-4C0F-A876-1C09BA8D40BD}.Debugx86|x86.Build.0 = Debug|x86
		{34E158EA-EFA6-4C0F-A876-1C09BA8D40BD}.Release|Any CPU.ActiveCfg = Release|Any CPU
		{34E158EA-EFA6-4C0F-A876-1C09BA8D40BD}.Release|Any CPU.Build.0 = Release|Any CPU
		{34E158EA-EFA6-4C0F-A876-1C09BA8D40BD}.Release|Mixed Platforms.ActiveCfg = Release|Any CPU
		{34E158EA-EFA6-4C0F-A876-1C09BA8D40BD}.Release|Mixed Platforms.Build.0 = Release|Any CPU
		{34E158EA-EFA6-4C0F-A876-1C09BA8D40BD}.Release|x64.ActiveCfg = Release|x64
		{34E158EA-EFA6-4C0F-A876-1C09BA8D40BD}.Release|x64.Build.0 = Release|x64
		{34E158EA-EFA6-4C0F-A876-1C09BA8D40BD}.Release|x86.ActiveCfg = Release|x86
		{34E158EA-EFA6-4C0F-A876-1C09BA8D40BD}.Release|x86.Build.0 = Release|x86
		{9FE43737-887D-4F32-A17A-4484AA8136DC}.Debug|Any CPU.ActiveCfg = Debug|Any CPU
		{9FE43737-887D-4F32-A17A-4484AA8136DC}.Debug|Any CPU.Build.0 = Debug|Any CPU
		{9FE43737-887D-4F32-A17A-4484AA8136DC}.Debug|Mixed Platforms.ActiveCfg = Debug|Any CPU
		{9FE43737-887D-4F32-A17A-4484AA8136DC}.Debug|Mixed Platforms.Build.0 = Debug|Any CPU
		{9FE43737-887D-4F32-A17A-4484AA8136DC}.Debug|x64.ActiveCfg = Debug|x64
		{9FE43737-887D-4F32-A17A-4484AA8136DC}.Debug|x64.Build.0 = Debug|x64
		{9FE43737-887D-4F32-A17A-4484AA8136DC}.Debug|x86.ActiveCfg = Debug|Any CPU
		{9FE43737-887D-4F32-A17A-4484AA8136DC}.Debugx86|Any CPU.ActiveCfg = Debug|Any CPU
		{9FE43737-887D-4F32-A17A-4484AA8136DC}.Debugx86|Any CPU.Build.0 = Debug|Any CPU
		{9FE43737-887D-4F32-A17A-4484AA8136DC}.Debugx86|Mixed Platforms.ActiveCfg = Debug|Any CPU
		{9FE43737-887D-4F32-A17A-4484AA8136DC}.Debugx86|Mixed Platforms.Build.0 = Debug|Any CPU
		{9FE43737-887D-4F32-A17A-4484AA8136DC}.Debugx86|x64.ActiveCfg = Debug|x64
		{9FE43737-887D-4F32-A17A-4484AA8136DC}.Debugx86|x64.Build.0 = Debug|x64
		{9FE43737-887D-4F32-A17A-4484AA8136DC}.Debugx86|x86.ActiveCfg = Debug|Any CPU
		{9FE43737-887D-4F32-A17A-4484AA8136DC}.Release|Any CPU.ActiveCfg = Release|Any CPU
		{9FE43737-887D-4F32-A17A-4484AA8136DC}.Release|Any CPU.Build.0 = Release|Any CPU
		{9FE43737-887D-4F32-A17A-4484AA8136DC}.Release|Mixed Platforms.ActiveCfg = Release|Any CPU
		{9FE43737-887D-4F32-A17A-4484AA8136DC}.Release|Mixed Platforms.Build.0 = Release|Any CPU
		{9FE43737-887D-4F32-A17A-4484AA8136DC}.Release|x64.ActiveCfg = Release|x64
		{9FE43737-887D-4F32-A17A-4484AA8136DC}.Release|x64.Build.0 = Release|x64
		{9FE43737-887D-4F32-A17A-4484AA8136DC}.Release|x86.ActiveCfg = Release|Any CPU
		{15AD1345-984C-48ED-AF9A-2EAB44E5AA2B}.Debug|Any CPU.ActiveCfg = Debug|Any CPU
		{15AD1345-984C-48ED-AF9A-2EAB44E5AA2B}.Debug|Any CPU.Build.0 = Debug|Any CPU
		{15AD1345-984C-48ED-AF9A-2EAB44E5AA2B}.Debug|Mixed Platforms.ActiveCfg = Debug|Any CPU
		{15AD1345-984C-48ED-AF9A-2EAB44E5AA2B}.Debug|Mixed Platforms.Build.0 = Debug|Any CPU
		{15AD1345-984C-48ED-AF9A-2EAB44E5AA2B}.Debug|x64.ActiveCfg = Debug|Any CPU
		{15AD1345-984C-48ED-AF9A-2EAB44E5AA2B}.Debug|x86.ActiveCfg = Debug|Any CPU
		{15AD1345-984C-48ED-AF9A-2EAB44E5AA2B}.Debugx86|Any CPU.ActiveCfg = Debug|Any CPU
		{15AD1345-984C-48ED-AF9A-2EAB44E5AA2B}.Debugx86|Any CPU.Build.0 = Debug|Any CPU
		{15AD1345-984C-48ED-AF9A-2EAB44E5AA2B}.Debugx86|Mixed Platforms.ActiveCfg = Debug|Any CPU
		{15AD1345-984C-48ED-AF9A-2EAB44E5AA2B}.Debugx86|Mixed Platforms.Build.0 = Debug|Any CPU
		{15AD1345-984C-48ED-AF9A-2EAB44E5AA2B}.Debugx86|x64.ActiveCfg = Debug|Any CPU
		{15AD1345-984C-48ED-AF9A-2EAB44E5AA2B}.Debugx86|x86.ActiveCfg = Debug|Any CPU
		{15AD1345-984C-48ED-AF9A-2EAB44E5AA2B}.Release|Any CPU.ActiveCfg = Release|Any CPU
		{15AD1345-984C-48ED-AF9A-2EAB44E5AA2B}.Release|Any CPU.Build.0 = Release|Any CPU
		{15AD1345-984C-48ED-AF9A-2EAB44E5AA2B}.Release|Mixed Platforms.ActiveCfg = Release|Any CPU
		{15AD1345-984C-48ED-AF9A-2EAB44E5AA2B}.Release|Mixed Platforms.Build.0 = Release|Any CPU
		{15AD1345-984C-48ED-AF9A-2EAB44E5AA2B}.Release|x64.ActiveCfg = Release|Any CPU
		{15AD1345-984C-48ED-AF9A-2EAB44E5AA2B}.Release|x86.ActiveCfg = Release|Any CPU
		{AC44EA27-0DF0-4265-AF12-E495B6FB8799}.Debug|Any CPU.ActiveCfg = Debug|Any CPU
		{AC44EA27-0DF0-4265-AF12-E495B6FB8799}.Debug|Any CPU.Build.0 = Debug|Any CPU
		{AC44EA27-0DF0-4265-AF12-E495B6FB8799}.Debug|Mixed Platforms.ActiveCfg = Debug|Any CPU
		{AC44EA27-0DF0-4265-AF12-E495B6FB8799}.Debug|Mixed Platforms.Build.0 = Debug|Any CPU
		{AC44EA27-0DF0-4265-AF12-E495B6FB8799}.Debug|x64.ActiveCfg = Debug|x64
		{AC44EA27-0DF0-4265-AF12-E495B6FB8799}.Debug|x64.Build.0 = Debug|x64
		{AC44EA27-0DF0-4265-AF12-E495B6FB8799}.Debug|x86.ActiveCfg = Debug|x86
		{AC44EA27-0DF0-4265-AF12-E495B6FB8799}.Debug|x86.Build.0 = Debug|x86
		{AC44EA27-0DF0-4265-AF12-E495B6FB8799}.Debugx86|Any CPU.ActiveCfg = Debug|Any CPU
		{AC44EA27-0DF0-4265-AF12-E495B6FB8799}.Debugx86|Any CPU.Build.0 = Debug|Any CPU
		{AC44EA27-0DF0-4265-AF12-E495B6FB8799}.Debugx86|Mixed Platforms.ActiveCfg = Debug|x86
		{AC44EA27-0DF0-4265-AF12-E495B6FB8799}.Debugx86|Mixed Platforms.Build.0 = Debug|x86
		{AC44EA27-0DF0-4265-AF12-E495B6FB8799}.Debugx86|x64.ActiveCfg = Debug|x64
		{AC44EA27-0DF0-4265-AF12-E495B6FB8799}.Debugx86|x64.Build.0 = Debug|x64
		{AC44EA27-0DF0-4265-AF12-E495B6FB8799}.Debugx86|x86.ActiveCfg = Debug|x86
		{AC44EA27-0DF0-4265-AF12-E495B6FB8799}.Debugx86|x86.Build.0 = Debug|x86
		{AC44EA27-0DF0-4265-AF12-E495B6FB8799}.Release|Any CPU.ActiveCfg = Release|Any CPU
		{AC44EA27-0DF0-4265-AF12-E495B6FB8799}.Release|Any CPU.Build.0 = Release|Any CPU
		{AC44EA27-0DF0-4265-AF12-E495B6FB8799}.Release|Mixed Platforms.ActiveCfg = Release|Any CPU
		{AC44EA27-0DF0-4265-AF12-E495B6FB8799}.Release|Mixed Platforms.Build.0 = Release|Any CPU
		{AC44EA27-0DF0-4265-AF12-E495B6FB8799}.Release|x64.ActiveCfg = Release|x64
		{AC44EA27-0DF0-4265-AF12-E495B6FB8799}.Release|x64.Build.0 = Release|x64
		{AC44EA27-0DF0-4265-AF12-E495B6FB8799}.Release|x86.ActiveCfg = Release|x86
		{AC44EA27-0DF0-4265-AF12-E495B6FB8799}.Release|x86.Build.0 = Release|x86
		{2E87E328-4E1C-4ED6-9345-ACFBA1EACC73}.Debug|Any CPU.ActiveCfg = Debug|Any CPU
		{2E87E328-4E1C-4ED6-9345-ACFBA1EACC73}.Debug|Any CPU.Build.0 = Debug|Any CPU
		{2E87E328-4E1C-4ED6-9345-ACFBA1EACC73}.Debug|Mixed Platforms.ActiveCfg = Debug|Any CPU
		{2E87E328-4E1C-4ED6-9345-ACFBA1EACC73}.Debug|Mixed Platforms.Build.0 = Debug|Any CPU
		{2E87E328-4E1C-4ED6-9345-ACFBA1EACC73}.Debug|x64.ActiveCfg = Debug|x64
		{2E87E328-4E1C-4ED6-9345-ACFBA1EACC73}.Debug|x64.Build.0 = Debug|x64
		{2E87E328-4E1C-4ED6-9345-ACFBA1EACC73}.Debug|x86.ActiveCfg = Debug|x86
		{2E87E328-4E1C-4ED6-9345-ACFBA1EACC73}.Debug|x86.Build.0 = Debug|x86
		{2E87E328-4E1C-4ED6-9345-ACFBA1EACC73}.Debugx86|Any CPU.ActiveCfg = Debug|Any CPU
		{2E87E328-4E1C-4ED6-9345-ACFBA1EACC73}.Debugx86|Any CPU.Build.0 = Debug|Any CPU
		{2E87E328-4E1C-4ED6-9345-ACFBA1EACC73}.Debugx86|Mixed Platforms.ActiveCfg = Debug|x86
		{2E87E328-4E1C-4ED6-9345-ACFBA1EACC73}.Debugx86|Mixed Platforms.Build.0 = Debug|x86
		{2E87E328-4E1C-4ED6-9345-ACFBA1EACC73}.Debugx86|x64.ActiveCfg = Debug|x64
		{2E87E328-4E1C-4ED6-9345-ACFBA1EACC73}.Debugx86|x64.Build.0 = Debug|x64
		{2E87E328-4E1C-4ED6-9345-ACFBA1EACC73}.Debugx86|x86.ActiveCfg = Debug|x86
		{2E87E328-4E1C-4ED6-9345-ACFBA1EACC73}.Debugx86|x86.Build.0 = Debug|x86
		{2E87E328-4E1C-4ED6-9345-ACFBA1EACC73}.Release|Any CPU.ActiveCfg = Release|Any CPU
		{2E87E328-4E1C-4ED6-9345-ACFBA1EACC73}.Release|Any CPU.Build.0 = Release|Any CPU
		{2E87E328-4E1C-4ED6-9345-ACFBA1EACC73}.Release|Mixed Platforms.ActiveCfg = Release|Any CPU
		{2E87E328-4E1C-4ED6-9345-ACFBA1EACC73}.Release|Mixed Platforms.Build.0 = Release|Any CPU
		{2E87E328-4E1C-4ED6-9345-ACFBA1EACC73}.Release|x64.ActiveCfg = Release|x64
		{2E87E328-4E1C-4ED6-9345-ACFBA1EACC73}.Release|x64.Build.0 = Release|x64
		{2E87E328-4E1C-4ED6-9345-ACFBA1EACC73}.Release|x86.ActiveCfg = Release|x86
		{2E87E328-4E1C-4ED6-9345-ACFBA1EACC73}.Release|x86.Build.0 = Release|x86
		{E15DBC29-CEDA-4E8A-B45D-7C26727A4246}.Debug|Any CPU.ActiveCfg = Debug|Any CPU
		{E15DBC29-CEDA-4E8A-B45D-7C26727A4246}.Debug|Any CPU.Build.0 = Debug|Any CPU
		{E15DBC29-CEDA-4E8A-B45D-7C26727A4246}.Debug|Mixed Platforms.ActiveCfg = Debug|Any CPU
		{E15DBC29-CEDA-4E8A-B45D-7C26727A4246}.Debug|Mixed Platforms.Build.0 = Debug|Any CPU
		{E15DBC29-CEDA-4E8A-B45D-7C26727A4246}.Debug|x64.ActiveCfg = Debug|x64
		{E15DBC29-CEDA-4E8A-B45D-7C26727A4246}.Debug|x64.Build.0 = Debug|x64
		{E15DBC29-CEDA-4E8A-B45D-7C26727A4246}.Debug|x86.ActiveCfg = Debug|Any CPU
		{E15DBC29-CEDA-4E8A-B45D-7C26727A4246}.Debugx86|Any CPU.ActiveCfg = Debug|Any CPU
		{E15DBC29-CEDA-4E8A-B45D-7C26727A4246}.Debugx86|Any CPU.Build.0 = Debug|Any CPU
		{E15DBC29-CEDA-4E8A-B45D-7C26727A4246}.Debugx86|Mixed Platforms.ActiveCfg = Debug|Any CPU
		{E15DBC29-CEDA-4E8A-B45D-7C26727A4246}.Debugx86|Mixed Platforms.Build.0 = Debug|Any CPU
		{E15DBC29-CEDA-4E8A-B45D-7C26727A4246}.Debugx86|x64.ActiveCfg = Debug|x64
		{E15DBC29-CEDA-4E8A-B45D-7C26727A4246}.Debugx86|x64.Build.0 = Debug|x64
		{E15DBC29-CEDA-4E8A-B45D-7C26727A4246}.Debugx86|x86.ActiveCfg = Debug|Any CPU
		{E15DBC29-CEDA-4E8A-B45D-7C26727A4246}.Release|Any CPU.ActiveCfg = Release|Any CPU
		{E15DBC29-CEDA-4E8A-B45D-7C26727A4246}.Release|Any CPU.Build.0 = Release|Any CPU
		{E15DBC29-CEDA-4E8A-B45D-7C26727A4246}.Release|Mixed Platforms.ActiveCfg = Release|Any CPU
		{E15DBC29-CEDA-4E8A-B45D-7C26727A4246}.Release|Mixed Platforms.Build.0 = Release|Any CPU
		{E15DBC29-CEDA-4E8A-B45D-7C26727A4246}.Release|x64.ActiveCfg = Release|x64
		{E15DBC29-CEDA-4E8A-B45D-7C26727A4246}.Release|x64.Build.0 = Release|x64
		{E15DBC29-CEDA-4E8A-B45D-7C26727A4246}.Release|x86.ActiveCfg = Release|Any CPU
		{04FC7F48-3B0C-42FC-A97A-2FF248157E5E}.Debug|Any CPU.ActiveCfg = Debug|Any CPU
		{04FC7F48-3B0C-42FC-A97A-2FF248157E5E}.Debug|Any CPU.Build.0 = Debug|Any CPU
		{04FC7F48-3B0C-42FC-A97A-2FF248157E5E}.Debug|Mixed Platforms.ActiveCfg = Debug|Any CPU
		{04FC7F48-3B0C-42FC-A97A-2FF248157E5E}.Debug|Mixed Platforms.Build.0 = Debug|Any CPU
		{04FC7F48-3B0C-42FC-A97A-2FF248157E5E}.Debug|x64.ActiveCfg = Debug|Any CPU
		{04FC7F48-3B0C-42FC-A97A-2FF248157E5E}.Debug|x86.ActiveCfg = Debug|x86
		{04FC7F48-3B0C-42FC-A97A-2FF248157E5E}.Debug|x86.Build.0 = Debug|x86
		{04FC7F48-3B0C-42FC-A97A-2FF248157E5E}.Debugx86|Any CPU.ActiveCfg = Debug|Any CPU
		{04FC7F48-3B0C-42FC-A97A-2FF248157E5E}.Debugx86|Any CPU.Build.0 = Debug|Any CPU
		{04FC7F48-3B0C-42FC-A97A-2FF248157E5E}.Debugx86|Mixed Platforms.ActiveCfg = Debug|x86
		{04FC7F48-3B0C-42FC-A97A-2FF248157E5E}.Debugx86|Mixed Platforms.Build.0 = Debug|x86
		{04FC7F48-3B0C-42FC-A97A-2FF248157E5E}.Debugx86|x64.ActiveCfg = Debug|Any CPU
		{04FC7F48-3B0C-42FC-A97A-2FF248157E5E}.Debugx86|x86.ActiveCfg = Debug|x86
		{04FC7F48-3B0C-42FC-A97A-2FF248157E5E}.Debugx86|x86.Build.0 = Debug|x86
		{04FC7F48-3B0C-42FC-A97A-2FF248157E5E}.Release|Any CPU.ActiveCfg = Release|Any CPU
		{04FC7F48-3B0C-42FC-A97A-2FF248157E5E}.Release|Any CPU.Build.0 = Release|Any CPU
		{04FC7F48-3B0C-42FC-A97A-2FF248157E5E}.Release|Mixed Platforms.ActiveCfg = Release|Any CPU
		{04FC7F48-3B0C-42FC-A97A-2FF248157E5E}.Release|Mixed Platforms.Build.0 = Release|Any CPU
		{04FC7F48-3B0C-42FC-A97A-2FF248157E5E}.Release|x64.ActiveCfg = Release|Any CPU
		{04FC7F48-3B0C-42FC-A97A-2FF248157E5E}.Release|x86.ActiveCfg = Release|x86
		{04FC7F48-3B0C-42FC-A97A-2FF248157E5E}.Release|x86.Build.0 = Release|x86
		{BDE60DF5-1887-49A7-8B02-34A81F9253C5}.Debug|Any CPU.ActiveCfg = Debug|Any CPU
		{BDE60DF5-1887-49A7-8B02-34A81F9253C5}.Debug|Any CPU.Build.0 = Debug|Any CPU
		{BDE60DF5-1887-49A7-8B02-34A81F9253C5}.Debug|Mixed Platforms.ActiveCfg = Debug|Any CPU
		{BDE60DF5-1887-49A7-8B02-34A81F9253C5}.Debug|Mixed Platforms.Build.0 = Debug|Any CPU
		{BDE60DF5-1887-49A7-8B02-34A81F9253C5}.Debug|x64.ActiveCfg = Debug|x64
		{BDE60DF5-1887-49A7-8B02-34A81F9253C5}.Debug|x64.Build.0 = Debug|x64
		{BDE60DF5-1887-49A7-8B02-34A81F9253C5}.Debug|x86.ActiveCfg = Debug|x86
		{BDE60DF5-1887-49A7-8B02-34A81F9253C5}.Debug|x86.Build.0 = Debug|x86
		{BDE60DF5-1887-49A7-8B02-34A81F9253C5}.Debugx86|Any CPU.ActiveCfg = Debugx86|Any CPU
		{BDE60DF5-1887-49A7-8B02-34A81F9253C5}.Debugx86|Any CPU.Build.0 = Debugx86|Any CPU
		{BDE60DF5-1887-49A7-8B02-34A81F9253C5}.Debugx86|Mixed Platforms.ActiveCfg = Debugx86|x86
		{BDE60DF5-1887-49A7-8B02-34A81F9253C5}.Debugx86|Mixed Platforms.Build.0 = Debugx86|x86
		{BDE60DF5-1887-49A7-8B02-34A81F9253C5}.Debugx86|x64.ActiveCfg = Debugx86|x64
		{BDE60DF5-1887-49A7-8B02-34A81F9253C5}.Debugx86|x64.Build.0 = Debugx86|x64
		{BDE60DF5-1887-49A7-8B02-34A81F9253C5}.Debugx86|x86.ActiveCfg = Debugx86|x86
		{BDE60DF5-1887-49A7-8B02-34A81F9253C5}.Debugx86|x86.Build.0 = Debugx86|x86
		{BDE60DF5-1887-49A7-8B02-34A81F9253C5}.Release|Any CPU.ActiveCfg = Release|Any CPU
		{BDE60DF5-1887-49A7-8B02-34A81F9253C5}.Release|Any CPU.Build.0 = Release|Any CPU
		{BDE60DF5-1887-49A7-8B02-34A81F9253C5}.Release|Mixed Platforms.ActiveCfg = Release|Any CPU
		{BDE60DF5-1887-49A7-8B02-34A81F9253C5}.Release|Mixed Platforms.Build.0 = Release|Any CPU
		{BDE60DF5-1887-49A7-8B02-34A81F9253C5}.Release|x64.ActiveCfg = Release|x64
		{BDE60DF5-1887-49A7-8B02-34A81F9253C5}.Release|x64.Build.0 = Release|x64
		{BDE60DF5-1887-49A7-8B02-34A81F9253C5}.Release|x86.ActiveCfg = Release|x86
		{BDE60DF5-1887-49A7-8B02-34A81F9253C5}.Release|x86.Build.0 = Release|x86
		{AEA57F3B-534C-4CDD-818D-2B91CA5C5ADC}.Debug|Any CPU.ActiveCfg = Debug|Any CPU
		{AEA57F3B-534C-4CDD-818D-2B91CA5C5ADC}.Debug|Any CPU.Build.0 = Debug|Any CPU
		{AEA57F3B-534C-4CDD-818D-2B91CA5C5ADC}.Debug|Mixed Platforms.ActiveCfg = Debug|Any CPU
		{AEA57F3B-534C-4CDD-818D-2B91CA5C5ADC}.Debug|Mixed Platforms.Build.0 = Debug|Any CPU
		{AEA57F3B-534C-4CDD-818D-2B91CA5C5ADC}.Debug|x64.ActiveCfg = Debug|Any CPU
		{AEA57F3B-534C-4CDD-818D-2B91CA5C5ADC}.Debug|x86.ActiveCfg = Debug|Any CPU
		{AEA57F3B-534C-4CDD-818D-2B91CA5C5ADC}.Debugx86|Any CPU.ActiveCfg = Debug|Any CPU
		{AEA57F3B-534C-4CDD-818D-2B91CA5C5ADC}.Debugx86|Any CPU.Build.0 = Debug|Any CPU
		{AEA57F3B-534C-4CDD-818D-2B91CA5C5ADC}.Debugx86|Mixed Platforms.ActiveCfg = Debug|Any CPU
		{AEA57F3B-534C-4CDD-818D-2B91CA5C5ADC}.Debugx86|Mixed Platforms.Build.0 = Debug|Any CPU
		{AEA57F3B-534C-4CDD-818D-2B91CA5C5ADC}.Debugx86|x64.ActiveCfg = Debug|Any CPU
		{AEA57F3B-534C-4CDD-818D-2B91CA5C5ADC}.Debugx86|x86.ActiveCfg = Debug|Any CPU
		{AEA57F3B-534C-4CDD-818D-2B91CA5C5ADC}.Release|Any CPU.ActiveCfg = Release|Any CPU
		{AEA57F3B-534C-4CDD-818D-2B91CA5C5ADC}.Release|Any CPU.Build.0 = Release|Any CPU
		{AEA57F3B-534C-4CDD-818D-2B91CA5C5ADC}.Release|Mixed Platforms.ActiveCfg = Release|Any CPU
		{AEA57F3B-534C-4CDD-818D-2B91CA5C5ADC}.Release|Mixed Platforms.Build.0 = Release|Any CPU
		{AEA57F3B-534C-4CDD-818D-2B91CA5C5ADC}.Release|x64.ActiveCfg = Release|Any CPU
		{AEA57F3B-534C-4CDD-818D-2B91CA5C5ADC}.Release|x86.ActiveCfg = Release|Any CPU
		{D54B9FC5-B996-4695-9472-0E08C89CF34F}.Debug|Any CPU.ActiveCfg = Debug|Any CPU
		{D54B9FC5-B996-4695-9472-0E08C89CF34F}.Debug|Any CPU.Build.0 = Debug|Any CPU
		{D54B9FC5-B996-4695-9472-0E08C89CF34F}.Debug|Mixed Platforms.ActiveCfg = Debug|Any CPU
		{D54B9FC5-B996-4695-9472-0E08C89CF34F}.Debug|Mixed Platforms.Build.0 = Debug|Any CPU
		{D54B9FC5-B996-4695-9472-0E08C89CF34F}.Debug|x64.ActiveCfg = Debug|x64
		{D54B9FC5-B996-4695-9472-0E08C89CF34F}.Debug|x64.Build.0 = Debug|x64
		{D54B9FC5-B996-4695-9472-0E08C89CF34F}.Debug|x86.ActiveCfg = Debug|x86
		{D54B9FC5-B996-4695-9472-0E08C89CF34F}.Debug|x86.Build.0 = Debug|x86
		{D54B9FC5-B996-4695-9472-0E08C89CF34F}.Debugx86|Any CPU.ActiveCfg = Debugx86|Any CPU
		{D54B9FC5-B996-4695-9472-0E08C89CF34F}.Debugx86|Any CPU.Build.0 = Debugx86|Any CPU
		{D54B9FC5-B996-4695-9472-0E08C89CF34F}.Debugx86|Mixed Platforms.ActiveCfg = Debugx86|x86
		{D54B9FC5-B996-4695-9472-0E08C89CF34F}.Debugx86|Mixed Platforms.Build.0 = Debugx86|x86
		{D54B9FC5-B996-4695-9472-0E08C89CF34F}.Debugx86|x64.ActiveCfg = Debugx86|x64
		{D54B9FC5-B996-4695-9472-0E08C89CF34F}.Debugx86|x64.Build.0 = Debugx86|x64
		{D54B9FC5-B996-4695-9472-0E08C89CF34F}.Debugx86|x86.ActiveCfg = Debugx86|x86
		{D54B9FC5-B996-4695-9472-0E08C89CF34F}.Debugx86|x86.Build.0 = Debugx86|x86
		{D54B9FC5-B996-4695-9472-0E08C89CF34F}.Release|Any CPU.ActiveCfg = Release|Any CPU
		{D54B9FC5-B996-4695-9472-0E08C89CF34F}.Release|Any CPU.Build.0 = Release|Any CPU
		{D54B9FC5-B996-4695-9472-0E08C89CF34F}.Release|Mixed Platforms.ActiveCfg = Release|Any CPU
		{D54B9FC5-B996-4695-9472-0E08C89CF34F}.Release|Mixed Platforms.Build.0 = Release|Any CPU
		{D54B9FC5-B996-4695-9472-0E08C89CF34F}.Release|x64.ActiveCfg = Release|x64
		{D54B9FC5-B996-4695-9472-0E08C89CF34F}.Release|x64.Build.0 = Release|x64
		{D54B9FC5-B996-4695-9472-0E08C89CF34F}.Release|x86.ActiveCfg = Release|x86
		{D54B9FC5-B996-4695-9472-0E08C89CF34F}.Release|x86.Build.0 = Release|x86
		{15F26C26-FB23-40C6-BDCF-AAC43E1BBCAB}.Debug|Any CPU.ActiveCfg = Debug|Any CPU
		{15F26C26-FB23-40C6-BDCF-AAC43E1BBCAB}.Debug|Any CPU.Build.0 = Debug|Any CPU
		{15F26C26-FB23-40C6-BDCF-AAC43E1BBCAB}.Debug|Mixed Platforms.ActiveCfg = Debug|Any CPU
		{15F26C26-FB23-40C6-BDCF-AAC43E1BBCAB}.Debug|Mixed Platforms.Build.0 = Debug|Any CPU
		{15F26C26-FB23-40C6-BDCF-AAC43E1BBCAB}.Debug|Mixed Platforms.Deploy.0 = Debug|Any CPU
		{15F26C26-FB23-40C6-BDCF-AAC43E1BBCAB}.Debug|x64.ActiveCfg = Debug|Any CPU
		{15F26C26-FB23-40C6-BDCF-AAC43E1BBCAB}.Debug|x86.ActiveCfg = Debug|x86
		{15F26C26-FB23-40C6-BDCF-AAC43E1BBCAB}.Debug|x86.Build.0 = Debug|x86
		{15F26C26-FB23-40C6-BDCF-AAC43E1BBCAB}.Debugx86|Any CPU.ActiveCfg = Debug|Any CPU
		{15F26C26-FB23-40C6-BDCF-AAC43E1BBCAB}.Debugx86|Any CPU.Build.0 = Debug|Any CPU
		{15F26C26-FB23-40C6-BDCF-AAC43E1BBCAB}.Debugx86|Mixed Platforms.ActiveCfg = Debug|x86
		{15F26C26-FB23-40C6-BDCF-AAC43E1BBCAB}.Debugx86|Mixed Platforms.Build.0 = Debug|x86
		{15F26C26-FB23-40C6-BDCF-AAC43E1BBCAB}.Debugx86|x64.ActiveCfg = Debug|Any CPU
		{15F26C26-FB23-40C6-BDCF-AAC43E1BBCAB}.Debugx86|x86.ActiveCfg = Debug|x86
		{15F26C26-FB23-40C6-BDCF-AAC43E1BBCAB}.Debugx86|x86.Build.0 = Debug|x86
		{15F26C26-FB23-40C6-BDCF-AAC43E1BBCAB}.Release|Any CPU.ActiveCfg = Release|Any CPU
		{15F26C26-FB23-40C6-BDCF-AAC43E1BBCAB}.Release|Any CPU.Build.0 = Release|Any CPU
		{15F26C26-FB23-40C6-BDCF-AAC43E1BBCAB}.Release|Mixed Platforms.ActiveCfg = Release|Any CPU
		{15F26C26-FB23-40C6-BDCF-AAC43E1BBCAB}.Release|Mixed Platforms.Build.0 = Release|Any CPU
		{15F26C26-FB23-40C6-BDCF-AAC43E1BBCAB}.Release|x64.ActiveCfg = Release|Any CPU
		{15F26C26-FB23-40C6-BDCF-AAC43E1BBCAB}.Release|x86.ActiveCfg = Release|x86
		{15F26C26-FB23-40C6-BDCF-AAC43E1BBCAB}.Release|x86.Build.0 = Release|x86
		{24946F19-839D-456E-B08B-886FCBBF0D33}.Debug|Any CPU.ActiveCfg = Debug|Any CPU
		{24946F19-839D-456E-B08B-886FCBBF0D33}.Debug|Any CPU.Build.0 = Debug|Any CPU
		{24946F19-839D-456E-B08B-886FCBBF0D33}.Debug|Mixed Platforms.ActiveCfg = Debug|Any CPU
		{24946F19-839D-456E-B08B-886FCBBF0D33}.Debug|Mixed Platforms.Build.0 = Debug|Any CPU
		{24946F19-839D-456E-B08B-886FCBBF0D33}.Debug|x64.ActiveCfg = Debug|Any CPU
		{24946F19-839D-456E-B08B-886FCBBF0D33}.Debug|x86.ActiveCfg = Debug|x86
		{24946F19-839D-456E-B08B-886FCBBF0D33}.Debug|x86.Build.0 = Debug|x86
		{24946F19-839D-456E-B08B-886FCBBF0D33}.Debugx86|Any CPU.ActiveCfg = Debug|Any CPU
		{24946F19-839D-456E-B08B-886FCBBF0D33}.Debugx86|Any CPU.Build.0 = Debug|Any CPU
		{24946F19-839D-456E-B08B-886FCBBF0D33}.Debugx86|Mixed Platforms.ActiveCfg = Debug|x86
		{24946F19-839D-456E-B08B-886FCBBF0D33}.Debugx86|Mixed Platforms.Build.0 = Debug|x86
		{24946F19-839D-456E-B08B-886FCBBF0D33}.Debugx86|x64.ActiveCfg = Debug|Any CPU
		{24946F19-839D-456E-B08B-886FCBBF0D33}.Debugx86|x86.ActiveCfg = Debug|x86
		{24946F19-839D-456E-B08B-886FCBBF0D33}.Debugx86|x86.Build.0 = Debug|x86
		{24946F19-839D-456E-B08B-886FCBBF0D33}.Release|Any CPU.ActiveCfg = Release|Any CPU
		{24946F19-839D-456E-B08B-886FCBBF0D33}.Release|Any CPU.Build.0 = Release|Any CPU
		{24946F19-839D-456E-B08B-886FCBBF0D33}.Release|Mixed Platforms.ActiveCfg = Release|Any CPU
		{24946F19-839D-456E-B08B-886FCBBF0D33}.Release|Mixed Platforms.Build.0 = Release|Any CPU
		{24946F19-839D-456E-B08B-886FCBBF0D33}.Release|x64.ActiveCfg = Release|Any CPU
		{24946F19-839D-456E-B08B-886FCBBF0D33}.Release|x86.ActiveCfg = Release|x86
		{24946F19-839D-456E-B08B-886FCBBF0D33}.Release|x86.Build.0 = Release|x86
		{AF8C72F3-F409-46E8-9FDE-8C5CB193A823}.Debug|Any CPU.ActiveCfg = Debug|Any CPU
		{AF8C72F3-F409-46E8-9FDE-8C5CB193A823}.Debug|Any CPU.Build.0 = Debug|Any CPU
		{AF8C72F3-F409-46E8-9FDE-8C5CB193A823}.Debug|Mixed Platforms.ActiveCfg = Debug|Any CPU
		{AF8C72F3-F409-46E8-9FDE-8C5CB193A823}.Debug|Mixed Platforms.Build.0 = Debug|Any CPU
		{AF8C72F3-F409-46E8-9FDE-8C5CB193A823}.Debug|x64.ActiveCfg = Debug|x64
		{AF8C72F3-F409-46E8-9FDE-8C5CB193A823}.Debug|x64.Build.0 = Debug|x64
		{AF8C72F3-F409-46E8-9FDE-8C5CB193A823}.Debug|x86.ActiveCfg = Debug|x86
		{AF8C72F3-F409-46E8-9FDE-8C5CB193A823}.Debug|x86.Build.0 = Debug|x86
		{AF8C72F3-F409-46E8-9FDE-8C5CB193A823}.Debugx86|Any CPU.ActiveCfg = Debug|Any CPU
		{AF8C72F3-F409-46E8-9FDE-8C5CB193A823}.Debugx86|Any CPU.Build.0 = Debug|Any CPU
		{AF8C72F3-F409-46E8-9FDE-8C5CB193A823}.Debugx86|Mixed Platforms.ActiveCfg = Debug|x86
		{AF8C72F3-F409-46E8-9FDE-8C5CB193A823}.Debugx86|Mixed Platforms.Build.0 = Debug|x86
		{AF8C72F3-F409-46E8-9FDE-8C5CB193A823}.Debugx86|x64.ActiveCfg = Debug|x64
		{AF8C72F3-F409-46E8-9FDE-8C5CB193A823}.Debugx86|x64.Build.0 = Debug|x64
		{AF8C72F3-F409-46E8-9FDE-8C5CB193A823}.Debugx86|x86.ActiveCfg = Debug|x86
		{AF8C72F3-F409-46E8-9FDE-8C5CB193A823}.Debugx86|x86.Build.0 = Debug|x86
		{AF8C72F3-F409-46E8-9FDE-8C5CB193A823}.Release|Any CPU.ActiveCfg = Release|Any CPU
		{AF8C72F3-F409-46E8-9FDE-8C5CB193A823}.Release|Any CPU.Build.0 = Release|Any CPU
		{AF8C72F3-F409-46E8-9FDE-8C5CB193A823}.Release|Mixed Platforms.ActiveCfg = Release|x86
		{AF8C72F3-F409-46E8-9FDE-8C5CB193A823}.Release|Mixed Platforms.Build.0 = Release|x86
		{AF8C72F3-F409-46E8-9FDE-8C5CB193A823}.Release|x64.ActiveCfg = Release|x64
		{AF8C72F3-F409-46E8-9FDE-8C5CB193A823}.Release|x64.Build.0 = Release|x64
		{AF8C72F3-F409-46E8-9FDE-8C5CB193A823}.Release|x86.ActiveCfg = Release|x86
		{AF8C72F3-F409-46E8-9FDE-8C5CB193A823}.Release|x86.Build.0 = Release|x86
		{221ED056-45D8-4CEB-ACD9-33BF72D04EDE}.Debug|Any CPU.ActiveCfg = Debug|Any CPU
		{221ED056-45D8-4CEB-ACD9-33BF72D04EDE}.Debug|Any CPU.Build.0 = Debug|Any CPU
		{221ED056-45D8-4CEB-ACD9-33BF72D04EDE}.Debug|Mixed Platforms.ActiveCfg = Debug|Any CPU
		{221ED056-45D8-4CEB-ACD9-33BF72D04EDE}.Debug|Mixed Platforms.Build.0 = Debug|Any CPU
		{221ED056-45D8-4CEB-ACD9-33BF72D04EDE}.Debug|x64.ActiveCfg = Debug|Any CPU
		{221ED056-45D8-4CEB-ACD9-33BF72D04EDE}.Debug|x86.ActiveCfg = Debug|x86
		{221ED056-45D8-4CEB-ACD9-33BF72D04EDE}.Debug|x86.Build.0 = Debug|x86
		{221ED056-45D8-4CEB-ACD9-33BF72D04EDE}.Debugx86|Any CPU.ActiveCfg = Debug|Any CPU
		{221ED056-45D8-4CEB-ACD9-33BF72D04EDE}.Debugx86|Any CPU.Build.0 = Debug|Any CPU
		{221ED056-45D8-4CEB-ACD9-33BF72D04EDE}.Debugx86|Mixed Platforms.ActiveCfg = Debug|x86
		{221ED056-45D8-4CEB-ACD9-33BF72D04EDE}.Debugx86|Mixed Platforms.Build.0 = Debug|x86
		{221ED056-45D8-4CEB-ACD9-33BF72D04EDE}.Debugx86|x64.ActiveCfg = Debug|Any CPU
		{221ED056-45D8-4CEB-ACD9-33BF72D04EDE}.Debugx86|x86.ActiveCfg = Debug|x86
		{221ED056-45D8-4CEB-ACD9-33BF72D04EDE}.Debugx86|x86.Build.0 = Debug|x86
		{221ED056-45D8-4CEB-ACD9-33BF72D04EDE}.Release|Any CPU.ActiveCfg = Release|Any CPU
		{221ED056-45D8-4CEB-ACD9-33BF72D04EDE}.Release|Any CPU.Build.0 = Release|Any CPU
		{221ED056-45D8-4CEB-ACD9-33BF72D04EDE}.Release|Mixed Platforms.ActiveCfg = Release|x86
		{221ED056-45D8-4CEB-ACD9-33BF72D04EDE}.Release|Mixed Platforms.Build.0 = Release|x86
		{221ED056-45D8-4CEB-ACD9-33BF72D04EDE}.Release|x64.ActiveCfg = Release|Any CPU
		{221ED056-45D8-4CEB-ACD9-33BF72D04EDE}.Release|x86.ActiveCfg = Release|x86
		{221ED056-45D8-4CEB-ACD9-33BF72D04EDE}.Release|x86.Build.0 = Release|x86
		{397F7688-2EE2-4D95-9E8F-BD8697EFF7D0}.Debug|Any CPU.ActiveCfg = Debug|Any CPU
		{397F7688-2EE2-4D95-9E8F-BD8697EFF7D0}.Debug|Any CPU.Build.0 = Debug|Any CPU
		{397F7688-2EE2-4D95-9E8F-BD8697EFF7D0}.Debug|Mixed Platforms.ActiveCfg = Debug|Any CPU
		{397F7688-2EE2-4D95-9E8F-BD8697EFF7D0}.Debug|Mixed Platforms.Build.0 = Debug|Any CPU
		{397F7688-2EE2-4D95-9E8F-BD8697EFF7D0}.Debug|x64.ActiveCfg = Debug|Any CPU
		{397F7688-2EE2-4D95-9E8F-BD8697EFF7D0}.Debug|x86.ActiveCfg = Debug|x86
		{397F7688-2EE2-4D95-9E8F-BD8697EFF7D0}.Debug|x86.Build.0 = Debug|x86
		{397F7688-2EE2-4D95-9E8F-BD8697EFF7D0}.Debugx86|Any CPU.ActiveCfg = Debug|Any CPU
		{397F7688-2EE2-4D95-9E8F-BD8697EFF7D0}.Debugx86|Any CPU.Build.0 = Debug|Any CPU
		{397F7688-2EE2-4D95-9E8F-BD8697EFF7D0}.Debugx86|Mixed Platforms.ActiveCfg = Debug|x86
		{397F7688-2EE2-4D95-9E8F-BD8697EFF7D0}.Debugx86|Mixed Platforms.Build.0 = Debug|x86
		{397F7688-2EE2-4D95-9E8F-BD8697EFF7D0}.Debugx86|x64.ActiveCfg = Debug|Any CPU
		{397F7688-2EE2-4D95-9E8F-BD8697EFF7D0}.Debugx86|x86.ActiveCfg = Debug|x86
		{397F7688-2EE2-4D95-9E8F-BD8697EFF7D0}.Debugx86|x86.Build.0 = Debug|x86
		{397F7688-2EE2-4D95-9E8F-BD8697EFF7D0}.Release|Any CPU.ActiveCfg = Release|Any CPU
		{397F7688-2EE2-4D95-9E8F-BD8697EFF7D0}.Release|Any CPU.Build.0 = Release|Any CPU
		{397F7688-2EE2-4D95-9E8F-BD8697EFF7D0}.Release|Mixed Platforms.ActiveCfg = Release|Any CPU
		{397F7688-2EE2-4D95-9E8F-BD8697EFF7D0}.Release|Mixed Platforms.Build.0 = Release|Any CPU
		{397F7688-2EE2-4D95-9E8F-BD8697EFF7D0}.Release|x64.ActiveCfg = Release|Any CPU
		{397F7688-2EE2-4D95-9E8F-BD8697EFF7D0}.Release|x86.ActiveCfg = Release|x86
		{397F7688-2EE2-4D95-9E8F-BD8697EFF7D0}.Release|x86.Build.0 = Release|x86
	EndGlobalSection
	GlobalSection(SolutionProperties) = preSolution
		HideSolutionNode = FALSE
	EndGlobalSection
EndGlobal
